[root]
name = "documentation"
version = "0.1.0"
dependencies = [
 "hw 0.1.0 (git+https://joshmorin@bitbucket.org/joshmorin/hw.git)",
 "mimty 0.3.0 (git+https://joshmorin@bitbucket.org/joshmorin/mimty.git)",
 "moid 0.3.0 (git+https://joshmorin@bitbucket.org/joshmorin/moid.git)",
 "network-integer 0.1.0 (git+https://joshmorin@bitbucket.org/joshmorin/network-integer.git)",
 "shams 0.7.0 (git+https://joshmorin@bitbucket.org/joshmorin/shams.git)",
 "zoj 0.1.0 (git+https://joshmorin@bitbucket.org/joshmorin/zoj.git)",
]

[[package]]
name = "advapi32-sys"
version = "0.1.2"
source = "registry+https://github.com/rust-lang/crates.io-index"
dependencies = [
 "winapi 0.2.2 (registry+https://github.com/rust-lang/crates.io-index)",
 "winapi-build 0.1.1 (registry+https://github.com/rust-lang/crates.io-index)",
]

[[package]]
name = "gcc"
version = "0.3.13"
source = "registry+https://github.com/rust-lang/crates.io-index"
dependencies = [
 "advapi32-sys 0.1.2 (registry+https://github.com/rust-lang/crates.io-index)",
 "winapi 0.2.2 (registry+https://github.com/rust-lang/crates.io-index)",
]

[[package]]
name = "hw"
version = "0.1.0"
source = "git+https://joshmorin@bitbucket.org/joshmorin/hw.git#7519a798083ceb8df2584979e63d953b4f0bf61b"
dependencies = [
 "libc 0.1.10 (registry+https://github.com/rust-lang/crates.io-index)",
]

[[package]]
name = "kernel32-sys"
version = "0.1.4"
source = "registry+https://github.com/rust-lang/crates.io-index"
dependencies = [
 "winapi 0.2.2 (registry+https://github.com/rust-lang/crates.io-index)",
 "winapi-build 0.1.1 (registry+https://github.com/rust-lang/crates.io-index)",
]

[[package]]
name = "libc"
version = "0.1.10"
source = "registry+https://github.com/rust-lang/crates.io-index"

[[package]]
name = "mimty"
version = "0.3.0"
source = "git+https://joshmorin@bitbucket.org/joshmorin/mimty.git#9211fc7b6220f7bc94551114051aef62f6d42f00"

[[package]]
name = "moid"
version = "0.3.0"
source = "git+https://joshmorin@bitbucket.org/joshmorin/moid.git#748f400c634f3c541e3cd7ae38aa70b7b5ab972e"
dependencies = [
 "time 0.1.32 (registry+https://github.com/rust-lang/crates.io-index)",
]

[[package]]
name = "network-integer"
version = "0.1.0"
source = "git+https://bitbucket.org/joshmorin/network-integer.git#99bd626396eefc928a8f0e9b9284a466e447e34f"

[[package]]
name = "network-integer"
version = "0.1.0"
source = "git+https://joshmorin@bitbucket.org/joshmorin/network-integer.git#99bd626396eefc928a8f0e9b9284a466e447e34f"

[[package]]
name = "shams"
version = "0.7.0"
source = "git+https://joshmorin@bitbucket.org/joshmorin/shams.git#dbcafeb44f82a3ab1c49df1a9b9f3745914f9abb"
dependencies = [
 "gcc 0.3.13 (registry+https://github.com/rust-lang/crates.io-index)",
 "libc 0.1.10 (registry+https://github.com/rust-lang/crates.io-index)",
 "time 0.1.32 (registry+https://github.com/rust-lang/crates.io-index)",
]

[[package]]
name = "time"
version = "0.1.32"
source = "registry+https://github.com/rust-lang/crates.io-index"
dependencies = [
 "kernel32-sys 0.1.4 (registry+https://github.com/rust-lang/crates.io-index)",
 "libc 0.1.10 (registry+https://github.com/rust-lang/crates.io-index)",
 "winapi 0.2.2 (registry+https://github.com/rust-lang/crates.io-index)",
]

[[package]]
name = "winapi"
version = "0.2.2"
source = "registry+https://github.com/rust-lang/crates.io-index"

[[package]]
name = "winapi-build"
version = "0.1.1"
source = "registry+https://github.com/rust-lang/crates.io-index"

[[package]]
name = "zoj"
version = "0.1.0"
source = "git+https://joshmorin@bitbucket.org/joshmorin/zoj.git#6d7654a59c873ce24e3b99012e1a2814c011be14"
dependencies = [
 "network-integer 0.1.0 (git+https://bitbucket.org/joshmorin/network-integer.git)",
]

